
Microsoft Visual Studio Solution File, Format Version 12.00
# Visual Studio 15
VisualStudioVersion = 15.0.28307.572
MinimumVisualStudioVersion = 10.0.40219.1
Project("{FAE04EC0-301F-11D3-BF4B-00C04F79EFBC}") = "GoDaddyAPIClient", "GoDaddyAPIClient\GoDaddyAPIClient.csproj", "{AB98BE35-848F-495F-8665-7FE23AE628D1}"
EndProject
Global
	GlobalSection(SolutionConfigurationPlatforms) = preSolution
		Debug|Any CPU = Debug|Any CPU
		Release|Any CPU = Release|Any CPU
	EndGlobalSection
	GlobalSection(ProjectConfigurationPlatforms) = postSolution
		{AB98BE35-848F-495F-8665-7FE23AE628D1}.Debug|Any CPU.ActiveCfg = Debug|Any CPU
		{AB98BE35-848F-495F-8665-7FE23AE628D1}.Debug|Any CPU.Build.0 = Debug|Any CPU
		{AB98BE35-848F-495F-8665-7FE23AE628D1}.Release|Any CPU.ActiveCfg = Release|Any CPU
		{AB98BE35-848F-495F-8665-7FE23AE628D1}.Release|Any CPU.Build.0 = Release|Any CPU
	EndGlobalSection
	GlobalSection(SolutionProperties) = preSolution
		HideSolutionNode = FALSE
	EndGlobalSection
	GlobalSection(ExtensibilityGlobals) = postSolution
		SolutionGuid = {2657250E-520C-43DE-92DD-27CB6585A90A}
	EndGlobalSection
EndGlobal
